// !$*UTF8*$!
{
	archiveVersion = 1;
	classes = {
	};
	objectVersion = 56;
	objects = {

/* Begin PBXBuildFile section */
		220088BD2A90FF9F006E3E36 /* AppDelegate.swift in Sources */ = {isa = PBXBuildFile; fileRef = 220088BC2A90FF9F006E3E36 /* AppDelegate.swift */; };
		220088BF2A90FF9F006E3E36 /* SceneDelegate.swift in Sources */ = {isa = PBXBuildFile; fileRef = 220088BE2A90FF9F006E3E36 /* SceneDelegate.swift */; };
		220088C12A90FF9F006E3E36 /* ConversationViewController.swift in Sources */ = {isa = PBXBuildFile; fileRef = 220088C02A90FF9F006E3E36 /* ConversationViewController.swift */; };
		220088C42A90FF9F006E3E36 /* Main.storyboard in Resources */ = {isa = PBXBuildFile; fileRef = 220088C22A90FF9F006E3E36 /* Main.storyboard */; };
		220088C62A90FFA1006E3E36 /* Assets.xcassets in Resources */ = {isa = PBXBuildFile; fileRef = 220088C52A90FFA1006E3E36 /* Assets.xcassets */; };
		220088C92A90FFA1006E3E36 /* LaunchScreen.storyboard in Resources */ = {isa = PBXBuildFile; fileRef = 220088C72A90FFA1006E3E36 /* LaunchScreen.storyboard */; };
		220088D72A9102A2006E3E36 /* LoginViewController.swift in Sources */ = {isa = PBXBuildFile; fileRef = 220088D62A9102A2006E3E36 /* LoginViewController.swift */; };
		220088D92A9102BC006E3E36 /* RegisterViewController.swift in Sources */ = {isa = PBXBuildFile; fileRef = 220088D82A9102BC006E3E36 /* RegisterViewController.swift */; };
		220088DB2A9102D6006E3E36 /* PhotoViewerViewController.swift in Sources */ = {isa = PBXBuildFile; fileRef = 220088DA2A9102D6006E3E36 /* PhotoViewerViewController.swift */; };
		220088DD2A9102E6006E3E36 /* VideoPlayerViewController.swift in Sources */ = {isa = PBXBuildFile; fileRef = 220088DC2A9102E6006E3E36 /* VideoPlayerViewController.swift */; };
		220088DF2A9102FC006E3E36 /* NewConversationViewController.swift in Sources */ = {isa = PBXBuildFile; fileRef = 220088DE2A9102FC006E3E36 /* NewConversationViewController.swift */; };
		220088E12A910313006E3E36 /* ProfileViewController.swift in Sources */ = {isa = PBXBuildFile; fileRef = 220088E02A910313006E3E36 /* ProfileViewController.swift */; };
/* End PBXBuildFile section */

/* Begin PBXFileReference section */
		220088B92A90FF9F006E3E36 /* MyMessenger.app */ = {isa = PBXFileReference; explicitFileType = wrapper.application; includeInIndex = 0; path = MyMessenger.app; sourceTree = BUILT_PRODUCTS_DIR; };
		220088BC2A90FF9F006E3E36 /* AppDelegate.swift */ = {isa = PBXFileReference; lastKnownFileType = sourcecode.swift; path = AppDelegate.swift; sourceTree = "<group>"; };
		220088BE2A90FF9F006E3E36 /* SceneDelegate.swift */ = {isa = PBXFileReference; lastKnownFileType = sourcecode.swift; path = SceneDelegate.swift; sourceTree = "<group>"; };
		220088C02A90FF9F006E3E36 /* ConversationViewController.swift */ = {isa = PBXFileReference; lastKnownFileType = sourcecode.swift; path = ConversationViewController.swift; sourceTree = "<group>"; };
		220088C32A90FF9F006E3E36 /* Base */ = {isa = PBXFileReference; lastKnownFileType = file.storyboard; name = Base; path = Base.lproj/Main.storyboard; sourceTree = "<group>"; };
		220088C52A90FFA1006E3E36 /* Assets.xcassets */ = {isa = PBXFileReference; lastKnownFileType = folder.assetcatalog; path = Assets.xcassets; sourceTree = "<group>"; };
		220088C82A90FFA1006E3E36 /* Base */ = {isa = PBXFileReference; lastKnownFileType = file.storyboard; name = Base; path = Base.lproj/LaunchScreen.storyboard; sourceTree = "<group>"; };
		220088CA2A90FFA1006E3E36 /* Info.plist */ = {isa = PBXFileReference; lastKnownFileType = text.plist.xml; path = Info.plist; sourceTree = "<group>"; };
		220088D62A9102A2006E3E36 /* LoginViewController.swift */ = {isa = PBXFileReference; lastKnownFileType = sourcecode.swift; path = LoginViewController.swift; sourceTree = "<group>"; };
		220088D82A9102BC006E3E36 /* RegisterViewController.swift */ = {isa = PBXFileReference; lastKnownFileType = sourcecode.swift; path = RegisterViewController.swift; sourceTree = "<group>"; };
		220088DA2A9102D6006E3E36 /* PhotoViewerViewController.swift */ = {isa = PBXFileReference; lastKnownFileType = sourcecode.swift; path = PhotoViewerViewController.swift; sourceTree = "<group>"; };
		220088DC2A9102E6006E3E36 /* VideoPlayerViewController.swift */ = {isa = PBXFileReference; lastKnownFileType = sourcecode.swift; path = VideoPlayerViewController.swift; sourceTree = "<group>"; };
		220088DE2A9102FC006E3E36 /* NewConversationViewController.swift */ = {isa = PBXFileReference; lastKnownFileType = sourcecode.swift; path = NewConversationViewController.swift; sourceTree = "<group>"; };
		220088E02A910313006E3E36 /* ProfileViewController.swift */ = {isa = PBXFileReference; lastKnownFileType = sourcecode.swift; path = ProfileViewController.swift; sourceTree = "<group>"; };
/* End PBXFileReference section */

/* Begin PBXFrameworksBuildPhase section */
		220088B62A90FF9F006E3E36 /* Frameworks */ = {
			isa = PBXFrameworksBuildPhase;
			buildActionMask = 2147483647;
			files = (
			);
			runOnlyForDeploymentPostprocessing = 0;
		};
/* End PBXFrameworksBuildPhase section */

/* Begin PBXGroup section */
		220088B02A90FF9F006E3E36 = {
			isa = PBXGroup;
			children = (
				220088BB2A90FF9F006E3E36 /* MyMessenger */,
				220088BA2A90FF9F006E3E36 /* Products */,
			);
			sourceTree = "<group>";
		};
		220088BA2A90FF9F006E3E36 /* Products */ = {
			isa = PBXGroup;
			children = (
				220088B92A90FF9F006E3E36 /* MyMessenger.app */,
			);
			name = Products;
			sourceTree = "<group>";
		};
		220088BB2A90FF9F006E3E36 /* MyMessenger */ = {
			isa = PBXGroup;
			children = (
				220088D42A910055006E3E36 /* Resources */,
				220088D32A91004A006E3E36 /* Controllers */,
				220088D22A91003C006E3E36 /* ViewsModels */,
				220088D12A910034006E3E36 /* Models */,
				220088D02A910029006E3E36 /* Views */,
				220088CA2A90FFA1006E3E36 /* Info.plist */,
			);
			path = MyMessenger;
			sourceTree = "<group>";
		};
		220088D02A910029006E3E36 /* Views */ = {
			isa = PBXGroup;
			children = (
				220088D52A91013B006E3E36 /* Storyboard */,
				220088C52A90FFA1006E3E36 /* Assets.xcassets */,
			);
			path = Views;
			sourceTree = "<group>";
		};
		220088D12A910034006E3E36 /* Models */ = {
			isa = PBXGroup;
			children = (
			);
			path = Models;
			sourceTree = "<group>";
		};
		220088D22A91003C006E3E36 /* ViewsModels */ = {
			isa = PBXGroup;
			children = (
			);
			path = ViewsModels;
			sourceTree = "<group>";
		};
		220088D32A91004A006E3E36 /* Controllers */ = {
			isa = PBXGroup;
			children = (
				220088C02A90FF9F006E3E36 /* ConversationViewController.swift */,
				220088D62A9102A2006E3E36 /* LoginViewController.swift */,
				220088D82A9102BC006E3E36 /* RegisterViewController.swift */,
				220088DA2A9102D6006E3E36 /* PhotoViewerViewController.swift */,
				220088DC2A9102E6006E3E36 /* VideoPlayerViewController.swift */,
				220088DE2A9102FC006E3E36 /* NewConversationViewController.swift */,
				220088E02A910313006E3E36 /* ProfileViewController.swift */,
			);
			path = Controllers;
			sourceTree = "<group>";
		};
		220088D42A910055006E3E36 /* Resources */ = {
			isa = PBXGroup;
			children = (
				220088BC2A90FF9F006E3E36 /* AppDelegate.swift */,
				220088BE2A90FF9F006E3E36 /* SceneDelegate.swift */,
			);
			path = Resources;
			sourceTree = "<group>";
		};
		220088D52A91013B006E3E36 /* Storyboard */ = {
			isa = PBXGroup;
			children = (
				220088C22A90FF9F006E3E36 /* Main.storyboard */,
				220088C72A90FFA1006E3E36 /* LaunchScreen.storyboard */,
			);
			path = Storyboard;
			sourceTree = "<group>";
		};
/* End PBXGroup section */

/* Begin PBXNativeTarget section */
		220088B82A90FF9F006E3E36 /* MyMessenger */ = {
			isa = PBXNativeTarget;
			buildConfigurationList = 220088CD2A90FFA1006E3E36 /* Build configuration list for PBXNativeTarget "MyMessenger" */;
			buildPhases = (
				220088B52A90FF9F006E3E36 /* Sources */,
				220088B62A90FF9F006E3E36 /* Frameworks */,
				220088B72A90FF9F006E3E36 /* Resources */,
			);
			buildRules = (
			);
			dependencies = (
			);
			name = MyMessenger;
			productName = MyMessenger;
			productReference = 220088B92A90FF9F006E3E36 /* MyMessenger.app */;
			productType = "com.apple.product-type.application";
		};
/* End PBXNativeTarget section */

/* Begin PBXProject section */
		220088B12A90FF9F006E3E36 /* Project object */ = {
			isa = PBXProject;
			attributes = {
				BuildIndependentTargetsInParallel = 1;
				LastSwiftUpdateCheck = 1430;
				LastUpgradeCheck = 1430;
				TargetAttributes = {
					220088B82A90FF9F006E3E36 = {
						CreatedOnToolsVersion = 14.3.1;
					};
				};
			};
			buildConfigurationList = 220088B42A90FF9F006E3E36 /* Build configuration list for PBXProject "MyMessenger" */;
			compatibilityVersion = "Xcode 14.0";
			developmentRegion = en;
			hasScannedForEncodings = 0;
			knownRegions = (
				en,
				Base,
			);
			mainGroup = 220088B02A90FF9F006E3E36;
			productRefGroup = 220088BA2A90FF9F006E3E36 /* Products */;
			projectDirPath = "";
			projectRoot = "";
			targets = (
				220088B82A90FF9F006E3E36 /* MyMessenger */,
			);
		};
/* End PBXProject section */

/* Begin PBXResourcesBuildPhase section */
		220088B72A90FF9F006E3E36 /* Resources */ = {
			isa = PBXResourcesBuildPhase;
			buildActionMask = 2147483647;
			files = (
				220088C92A90FFA1006E3E36 /* LaunchScreen.storyboard in Resources */,
				220088C62A90FFA1006E3E36 /* Assets.xcassets in Resources */,
				220088C42A90FF9F006E3E36 /* Main.storyboard in Resources */,
			);
			runOnlyForDeploymentPostprocessing = 0;
		};
/* End PBXResourcesBuildPhase section */

/* Begin PBXSourcesBuildPhase section */
		220088B52A90FF9F006E3E36 /* Sources */ = {
			isa = PBXSourcesBuildPhase;
			buildActionMask = 2147483647;
			files = (
				220088D72A9102A2006E3E36 /* LoginViewController.swift in Sources */,
				220088D92A9102BC006E3E36 /* RegisterViewController.swift in Sources */,
				220088DF2A9102FC006E3E36 /* NewConversationViewController.swift in Sources */,
				220088C12A90FF9F006E3E36 /* ConversationViewController.swift in Sources */,
				220088DD2A9102E6006E3E36 /* VideoPlayerViewController.swift in Sources */,
				220088BD2A90FF9F006E3E36 /* AppDelegate.swift in Sources */,
				220088E12A910313006E3E36 /* ProfileViewController.swift in Sources */,
				220088BF2A90FF9F006E3E36 /* SceneDelegate.swift in Sources */,
				220088DB2A9102D6006E3E36 /* PhotoViewerViewController.swift in Sources */,
			);
			runOnlyForDeploymentPostprocessing = 0;
		};
/* End PBXSourcesBuildPhase section */

/* Begin PBXVariantGroup section */
		220088C22A90FF9F006E3E36 /* Main.storyboard */ = {
			isa = PBXVariantGroup;
			children = (
				220088C32A90FF9F006E3E36 /* Base */,
			);
			name = Main.storyboard;
			sourceTree = "<group>";
		};
		220088C72A90FFA1006E3E36 /* LaunchScreen.storyboard */ = {
			isa = PBXVariantGroup;
			children = (
				220088C82A90FFA1006E3E36 /* Base */,
			);
			name = LaunchScreen.storyboard;
			sourceTree = "<group>";
		};
/* End PBXVariantGroup section */

/* Begin XCBuildConfiguration section */
		220088CB2A90FFA1006E3E36 /* Debug */ = {
			isa = XCBuildConfiguration;
			buildSettings = {
				ALWAYS_SEARCH_USER_PATHS = NO;
				CLANG_ANALYZER_NONNULL = YES;
				CLANG_ANALYZER_NUMBER_OBJECT_CONVERSION = YES_AGGRESSIVE;
				CLANG_CXX_LANGUAGE_STANDARD = "gnu++20";
				CLANG_ENABLE_MODULES = YES;
				CLANG_ENABLE_OBJC_ARC = YES;
				CLANG_ENABLE_OBJC_WEAK = YES;
				CLANG_WARN_BLOCK_CAPTURE_AUTORELEASING = YES;
				CLANG_WARN_BOOL_CONVERSION = YES;
				CLANG_WARN_COMMA = YES;
				CLANG_WARN_CONSTANT_CONVERSION = YES;
				CLANG_WARN_DEPRECATED_OBJC_IMPLEMENTATIONS = YES;
				CLANG_WARN_DIRECT_OBJC_ISA_USAGE = YES_ERROR;
				CLANG_WARN_DOCUMENTATION_COMMENTS = YES;
				CLANG_WARN_EMPTY_BODY = YES;
				CLANG_WARN_ENUM_CONVERSION = YES;
				CLANG_WARN_INFINITE_RECURSION = YES;
				CLANG_WARN_INT_CONVERSION = YES;
				CLANG_WARN_NON_LITERAL_NULL_CONVERSION = YES;
				CLANG_WARN_OBJC_IMPLICIT_RETAIN_SELF = YES;
				CLANG_WARN_OBJC_LITERAL_CONVERSION = YES;
				CLANG_WARN_OBJC_ROOT_CLASS = YES_ERROR;
				CLANG_WARN_QUOTED_INCLUDE_IN_FRAMEWORK_HEADER = YES;
				CLANG_WARN_RANGE_LOOP_ANALYSIS = YES;
				CLANG_WARN_STRICT_PROTOTYPES = YES;
				CLANG_WARN_SUSPICIOUS_MOVE = YES;
				CLANG_WARN_UNGUARDED_AVAILABILITY = YES_AGGRESSIVE;
				CLANG_WARN_UNREACHABLE_CODE = YES;
				CLANG_WARN__DUPLICATE_METHOD_MATCH = YES;
				COPY_PHASE_STRIP = NO;
				DEBUG_INFORMATION_FORMAT = dwarf;
				ENABLE_STRICT_OBJC_MSGSEND = YES;
				ENABLE_TESTABILITY = YES;
				GCC_C_LANGUAGE_STANDARD = gnu11;
				GCC_DYNAMIC_NO_PIC = NO;
				GCC_NO_COMMON_BLOCKS = YES;
				GCC_OPTIMIZATION_LEVEL = 0;
				GCC_PREPROCESSOR_DEFINITIONS = (
					"DEBUG=1",
					"$(inherited)",
				);
				GCC_WARN_64_TO_32_BIT_CONVERSION = YES;
				GCC_WARN_ABOUT_RETURN_TYPE = YES_ERROR;
				GCC_WARN_UNDECLARED_SELECTOR = YES;
				GCC_WARN_UNINITIALIZED_AUTOS = YES_AGGRESSIVE;
				GCC_WARN_UNUSED_FUNCTION = YES;
				GCC_WARN_UNUSED_VARIABLE = YES;
				IPHONEOS_DEPLOYMENT_TARGET = 16.4;
				MTL_ENABLE_DEBUG_INFO = INCLUDE_SOURCE;
				MTL_FAST_MATH = YES;
				ONLY_ACTIVE_ARCH = YES;
				SDKROOT = iphoneos;
				SWIFT_ACTIVE_COMPILATION_CONDITIONS = DEBUG;
				SWIFT_OPTIMIZATION_LEVEL = "-Onone";
			};
			name = Debug;
		};
		220088CC2A90FFA1006E3E36 /* Release */ = {
			isa = XCBuildConfiguration;
			buildSettings = {
				ALWAYS_SEARCH_USER_PATHS = NO;
				CLANG_ANALYZER_NONNULL = YES;
				CLANG_ANALYZER_NUMBER_OBJECT_CONVERSION = YES_AGGRESSIVE;
				CLANG_CXX_LANGUAGE_STANDARD = "gnu++20";
				CLANG_ENABLE_MODULES = YES;
				CLANG_ENABLE_OBJC_ARC = YES;
				CLANG_ENABLE_OBJC_WEAK = YES;
				CLANG_WARN_BLOCK_CAPTURE_AUTORELEASING = YES;
				CLANG_WARN_BOOL_CONVERSION = YES;
				CLANG_WARN_COMMA = YES;
				CLANG_WARN_CONSTANT_CONVERSION = YES;
				CLANG_WARN_DEPRECATED_OBJC_IMPLEMENTATIONS = YES;
				CLANG_WARN_DIRECT_OBJC_ISA_USAGE = YES_ERROR;
				CLANG_WARN_DOCUMENTATION_COMMENTS = YES;
				CLANG_WARN_EMPTY_BODY = YES;
				CLANG_WARN_ENUM_CONVERSION = YES;
				CLANG_WARN_INFINITE_RECURSION = YES;
				CLANG_WARN_INT_CONVERSION = YES;
				CLANG_WARN_NON_LITERAL_NULL_CONVERSION = YES;
				CLANG_WARN_OBJC_IMPLICIT_RETAIN_SELF = YES;
				CLANG_WARN_OBJC_LITERAL_CONVERSION = YES;
				CLANG_WARN_OBJC_ROOT_CLASS = YES_ERROR;
				CLANG_WARN_QUOTED_INCLUDE_IN_FRAMEWORK_HEADER = YES;
				CLANG_WARN_RANGE_LOOP_ANALYSIS = YES;
				CLANG_WARN_STRICT_PROTOTYPES = YES;
				CLANG_WARN_SUSPICIOUS_MOVE = YES;
				CLANG_WARN_UNGUARDED_AVAILABILITY = YES_AGGRESSIVE;
				CLANG_WARN_UNREACHABLE_CODE = YES;
				CLANG_WARN__DUPLICATE_METHOD_MATCH = YES;
				COPY_PHASE_STRIP = NO;
				DEBUG_INFORMATION_FORMAT = "dwarf-with-dsym";
				ENABLE_NS_ASSERTIONS = NO;
				ENABLE_STRICT_OBJC_MSGSEND = YES;
				GCC_C_LANGUAGE_STANDARD = gnu11;
				GCC_NO_COMMON_BLOCKS = YES;
				GCC_WARN_64_TO_32_BIT_CONVERSION = YES;
				GCC_WARN_ABOUT_RETURN_TYPE = YES_ERROR;
				GCC_WARN_UNDECLARED_SELECTOR = YES;
				GCC_WARN_UNINITIALIZED_AUTOS = YES_AGGRESSIVE;
				GCC_WARN_UNUSED_FUNCTION = YES;
				GCC_WARN_UNUSED_VARIABLE = YES;
				IPHONEOS_DEPLOYMENT_TARGET = 16.4;
				MTL_ENABLE_DEBUG_INFO = NO;
				MTL_FAST_MATH = YES;
				SDKROOT = iphoneos;
				SWIFT_COMPILATION_MODE = wholemodule;
				SWIFT_OPTIMIZATION_LEVEL = "-O";
				VALIDATE_PRODUCT = YES;
			};
			name = Release;
		};
		220088CE2A90FFA1006E3E36 /* Debug */ = {
			isa = XCBuildConfiguration;
			buildSettings = {
				ASSETCATALOG_COMPILER_APPICON_NAME = AppIcon;
				ASSETCATALOG_COMPILER_GLOBAL_ACCENT_COLOR_NAME = AccentColor;
				CODE_SIGN_STYLE = Automatic;
				CURRENT_PROJECT_VERSION = 1;
				DEVELOPMENT_TEAM = F7DASDSQKT;
				GENERATE_INFOPLIST_FILE = YES;
				INFOPLIST_FILE = MyMessenger/Info.plist;
				INFOPLIST_KEY_UIApplicationSupportsIndirectInputEvents = YES;
				INFOPLIST_KEY_UILaunchStoryboardName = LaunchScreen;
				INFOPLIST_KEY_UIMainStoryboardFile = Main;
				INFOPLIST_KEY_UISupportedInterfaceOrientations = UIInterfaceOrientationPortrait;
				IPHONEOS_DEPLOYMENT_TARGET = 13.5;
				LD_RUNPATH_SEARCH_PATHS = (
					"$(inherited)",
					"@executable_path/Frameworks",
				);
				MARKETING_VERSION = 1.0;
				PRODUCT_BUNDLE_IDENTIFIER = com.personal.MyMessenger;
				PRODUCT_NAME = "$(TARGET_NAME)";
				SWIFT_EMIT_LOC_STRINGS = YES;
				SWIFT_VERSION = 5.0;
				TARGETED_DEVICE_FAMILY = "1,2";
			};
			name = Debug;
		};
		220088CF2A90FFA1006E3E36 /* Release */ = {
			isa = XCBuildConfiguration;
			buildSettings = {
				ASSETCATALOG_COMPILER_APPICON_NAME = AppIcon;
				ASSETCATALOG_COMPILER_GLOBAL_ACCENT_COLOR_NAME = AccentColor;
				CODE_SIGN_STYLE = Automatic;
				CURRENT_PROJECT_VERSION = 1;
				DEVELOPMENT_TEAM = F7DASDSQKT;
				GENERATE_INFOPLIST_FILE = YES;
				INFOPLIST_FILE = MyMessenger/Info.plist;
				INFOPLIST_KEY_UIApplicationSupportsIndirectInputEvents = YES;
				INFOPLIST_KEY_UILaunchStoryboardName = LaunchScreen;
				INFOPLIST_KEY_UIMainStoryboardFile = Main;
				INFOPLIST_KEY_UISupportedInterfaceOrientations = UIInterfaceOrientationPortrait;
				IPHONEOS_DEPLOYMENT_TARGET = 13.5;
				LD_RUNPATH_SEARCH_PATHS = (
					"$(inherited)",
					"@executable_path/Frameworks",
				);
				MARKETING_VERSION = 1.0;
				PRODUCT_BUNDLE_IDENTIFIER = com.personal.MyMessenger;
				PRODUCT_NAME = "$(TARGET_NAME)";
				SWIFT_EMIT_LOC_STRINGS = YES;
				SWIFT_VERSION = 5.0;
				TARGETED_DEVICE_FAMILY = "1,2";
			};
			name = Release;
		};
/* End XCBuildConfiguration section */

/* Begin XCConfigurationList section */
		220088B42A90FF9F006E3E36 /* Build configuration list for PBXProject "MyMessenger" */ = {
			isa = XCConfigurationList;
			buildConfigurations = (
				220088CB2A90FFA1006E3E36 /* Debug */,
				220088CC2A90FFA1006E3E36 /* Release */,
			);
			defaultConfigurationIsVisible = 0;
			defaultConfigurationName = Release;
		};
		220088CD2A90FFA1006E3E36 /* Build configuration list for PBXNativeTarget "MyMessenger" */ = {
			isa = XCConfigurationList;
			buildConfigurations = (
				220088CE2A90FFA1006E3E36 /* Debug */,
				220088CF2A90FFA1006E3E36 /* Release */,
			);
			defaultConfigurationIsVisible = 0;
			defaultConfigurationName = Release;
		};
/* End XCConfigurationList section */
	};
	rootObject = 220088B12A90FF9F006E3E36 /* Project object */;
}
